Microsoft Visual Studio Solution File, Format Version 12.00
# Visual Studio Version 16
VisualStudioVersion = 16.0.29920.165
MinimumVisualStudioVersion = 15.0.26124.0

Project("{9A19103F-16F7-4668-BE54-9A1E7A4F7556}") = "HelloWorld", "HelloWorld\HelloWorld.csproj", "{A5B8155A-119F-4794-B551-C6F3CF7E5411}"
EndProject


Project("{9A19103F-16F7-4668-BE54-9A1E7A4F7556}") = "HelloWorld.Wasm", "HelloWorld.Wasm\HelloWorld.Wasm.csproj", "{40EA03F7-8A22-4143-B251-79BAC3EB13D2}"
EndProject

Project("{9A19103F-16F7-4668-BE54-9A1E7A4F7556}") = "HelloWorld.Server", "HelloWorld.Server\HelloWorld.Server.csproj", "{40EA03F7-8A22-1234-B251-79BAC3EB13D2}"
EndProject

Project("{9A19103F-16F7-4668-BE54-9A1E7A4F7556}") = "HelloWorld.Skia.Gtk", "HelloWorld.Skia.Gtk\HelloWorld.Skia.Gtk.csproj", "{A5B8155A-118F-4794-B551-C6F3CF7E5411}"
EndProject


Project("{9A19103F-16F7-4668-BE54-9A1E7A4F7556}") = "HelloWorld.Windows", "HelloWorld.Windows\HelloWorld.Windows.csproj", "{1AA13270-F438-4864-9435-54FD806E10EA}"
EndProject


Global
	GlobalSection(SharedMSBuildProjectFiles) = preSolution
		HelloWorld.Shared\HelloWorld.Shared.projitems*{1aa13270-f438-4864-9435-54fd806e10ea}*SharedItemsImports = 5
		HelloWorld.Shared\HelloWorld.Shared.projitems*{20065F43-4137-4CB4-85C2-B21895EFC0BF}*SharedItemsImports = 4
		HelloWorld.Shared\HelloWorld.Shared.projitems*{40ea03f7-8a22-4143-b251-79bac3eb13d2}*SharedItemsImports = 5
		HelloWorld.Shared\HelloWorld.Shared.projitems*{1BFF7735-8958-49F8-9DED-5CF7C145E0FA}*SharedItemsImports = 5
		HelloWorld.Shared\HelloWorld.Shared.projitems*{35538F7B-0A04-440B-BAA1-B10DB80AC608}*SharedItemsImports = 4
		HelloWorld.Shared\HelloWorld.Shared.projitems*{3698EC1B-1771-40F6-B666-D1AE9518DA13}*SharedItemsImports = 4
		HelloWorld.Shared\HelloWorld.Shared.projitems*{a5b8155a-118f-4794-b551-c6f3cf7e5411}*SharedItemsImports = 5
		HelloWorld.Shared\HelloWorld.Shared.projitems*{E618D8CC-6108-4AF7-9ECB-369D7F3E1FEF}*SharedItemsImports = 4
	EndGlobalSection
	GlobalSection(SolutionConfigurationPlatforms) = preSolution
		Debug|Any CPU = Debug|Any CPU
		Debug|ARM = Debug|ARM
		Debug|ARM64 = Debug|ARM64
		Debug|iPhone = Debug|iPhone
		Debug|iPhoneSimulator = Debug|iPhoneSimulator
		Debug|x64 = Debug|x64
		Debug|x86 = Debug|x86
		Release|Any CPU = Release|Any CPU
		Release|ARM = Release|ARM
		Release|ARM64 = Release|ARM64
		Release|iPhone = Release|iPhone
		Release|iPhoneSimulator = Release|iPhoneSimulator
		Release|x64 = Release|x64
		Release|x86 = Release|x86
	EndGlobalSection
	GlobalSection(ProjectConfigurationPlatforms) = postSolution
		{E618D8CC-6108-4AF7-9ECB-369D7F3E1FEF}.Debug|Any CPU.ActiveCfg = Debug|Any CPU
		{E618D8CC-6108-4AF7-9ECB-369D7F3E1FEF}.Debug|Any CPU.Build.0 = Debug|Any CPU
		{E618D8CC-6108-4AF7-9ECB-369D7F3E1FEF}.Debug|Any CPU.Deploy.0 = Debug|Any CPU
		{E618D8CC-6108-4AF7-9ECB-369D7F3E1FEF}.Debug|ARM.ActiveCfg = Debug|Any CPU
		{E618D8CC-6108-4AF7-9ECB-369D7F3E1FEF}.Debug|ARM.Build.0 = Debug|Any CPU
		{E618D8CC-6108-4AF7-9ECB-369D7F3E1FEF}.Debug|ARM.Deploy.0 = Debug|Any CPU
		{E618D8CC-6108-4AF7-9ECB-369D7F3E1FEF}.Debug|ARM64.ActiveCfg = Debug|Any CPU
		{E618D8CC-6108-4AF7-9ECB-369D7F3E1FEF}.Debug|ARM64.Build.0 = Debug|Any CPU
		{E618D8CC-6108-4AF7-9ECB-369D7F3E1FEF}.Debug|ARM64.Deploy.0 = Debug|Any CPU
		{E618D8CC-6108-4AF7-9ECB-369D7F3E1FEF}.Debug|iPhone.ActiveCfg = Debug|Any CPU
		{E618D8CC-6108-4AF7-9ECB-369D7F3E1FEF}.Debug|iPhone.Build.0 = Debug|Any CPU
		{E618D8CC-6108-4AF7-9ECB-369D7F3E1FEF}.Debug|iPhone.Deploy.0 = Debug|Any CPU
		{E618D8CC-6108-4AF7-9ECB-369D7F3E1FEF}.Debug|iPhoneSimulator.ActiveCfg = Debug|Any CPU
		{E618D8CC-6108-4AF7-9ECB-369D7F3E1FEF}.Debug|iPhoneSimulator.Build.0 = Debug|Any CPU
		{E618D8CC-6108-4AF7-9ECB-369D7F3E1FEF}.Debug|iPhoneSimulator.Deploy.0 = Debug|Any CPU
		{E618D8CC-6108-4AF7-9ECB-369D7F3E1FEF}.Debug|x64.ActiveCfg = Debug|Any CPU
		{E618D8CC-6108-4AF7-9ECB-369D7F3E1FEF}.Debug|x64.Build.0 = Debug|Any CPU
		{E618D8CC-6108-4AF7-9ECB-369D7F3E1FEF}.Debug|x64.Deploy.0 = Debug|Any CPU
		{E618D8CC-6108-4AF7-9ECB-369D7F3E1FEF}.Debug|x86.ActiveCfg = Debug|Any CPU
		{E618D8CC-6108-4AF7-9ECB-369D7F3E1FEF}.Debug|x86.Build.0 = Debug|Any CPU
		{E618D8CC-6108-4AF7-9ECB-369D7F3E1FEF}.Debug|x86.Deploy.0 = Debug|Any CPU

		{E618D8CC-6108-4AF7-9ECB-369D7F3E1FEF}.Release|Any CPU.ActiveCfg = Release|Any CPU
		{E618D8CC-6108-4AF7-9ECB-369D7F3E1FEF}.Release|Any CPU.Build.0 = Release|Any CPU
		{E618D8CC-6108-4AF7-9ECB-369D7F3E1FEF}.Release|Any CPU.Deploy.0 = Release|Any CPU
		{E618D8CC-6108-4AF7-9ECB-369D7F3E1FEF}.Release|ARM.ActiveCfg = Release|Any CPU
		{E618D8CC-6108-4AF7-9ECB-369D7F3E1FEF}.Release|ARM.Build.0 = Release|Any CPU
		{E618D8CC-6108-4AF7-9ECB-369D7F3E1FEF}.Release|ARM.Deploy.0 = Release|Any CPU
		{E618D8CC-6108-4AF7-9ECB-369D7F3E1FEF}.Release|ARM64.ActiveCfg = Release|Any CPU
		{E618D8CC-6108-4AF7-9ECB-369D7F3E1FEF}.Release|ARM64.Build.0 = Release|Any CPU
		{E618D8CC-6108-4AF7-9ECB-369D7F3E1FEF}.Release|ARM64.Deploy.0 = Release|Any CPU
		{E618D8CC-6108-4AF7-9ECB-369D7F3E1FEF}.Release|iPhone.ActiveCfg = Release|Any CPU
		{E618D8CC-6108-4AF7-9ECB-369D7F3E1FEF}.Release|iPhone.Build.0 = Release|Any CPU
		{E618D8CC-6108-4AF7-9ECB-369D7F3E1FEF}.Release|iPhone.Deploy.0 = Release|Any CPU
		{E618D8CC-6108-4AF7-9ECB-369D7F3E1FEF}.Release|iPhoneSimulator.ActiveCfg = Release|Any CPU
		{E618D8CC-6108-4AF7-9ECB-369D7F3E1FEF}.Release|iPhoneSimulator.Build.0 = Release|Any CPU
		{E618D8CC-6108-4AF7-9ECB-369D7F3E1FEF}.Release|iPhoneSimulator.Deploy.0 = Release|Any CPU
		{E618D8CC-6108-4AF7-9ECB-369D7F3E1FEF}.Release|x64.ActiveCfg = Release|Any CPU
		{E618D8CC-6108-4AF7-9ECB-369D7F3E1FEF}.Release|x64.Build.0 = Release|Any CPU
		{E618D8CC-6108-4AF7-9ECB-369D7F3E1FEF}.Release|x64.Deploy.0 = Release|Any CPU
		{E618D8CC-6108-4AF7-9ECB-369D7F3E1FEF}.Release|x86.ActiveCfg = Release|Any CPU
		{E618D8CC-6108-4AF7-9ECB-369D7F3E1FEF}.Release|x86.Build.0 = Release|Any CPU
		{E618D8CC-6108-4AF7-9ECB-369D7F3E1FEF}.Release|x86.Deploy.0 = Release|Any CPU
		{3698EC1B-1771-40F6-B666-D1AE9518DA13}.Debug|Any CPU.ActiveCfg = Debug|iPhone
		{3698EC1B-1771-40F6-B666-D1AE9518DA13}.Debug|Any CPU.Build.0 = Debug|iPhone
		{3698EC1B-1771-40F6-B666-D1AE9518DA13}.Debug|Any CPU.Deploy.0 = Debug|iPhone
		{3698EC1B-1771-40F6-B666-D1AE9518DA13}.Debug|ARM.ActiveCfg = Debug|iPhone
		{3698EC1B-1771-40F6-B666-D1AE9518DA13}.Debug|ARM64.ActiveCfg = Debug|iPhone
		{3698EC1B-1771-40F6-B666-D1AE9518DA13}.Debug|iPhone.ActiveCfg = Debug|iPhone
		{3698EC1B-1771-40F6-B666-D1AE9518DA13}.Debug|iPhone.Build.0 = Debug|iPhone
		{3698EC1B-1771-40F6-B666-D1AE9518DA13}.Debug|iPhoneSimulator.ActiveCfg = Debug|iPhoneSimulator
		{3698EC1B-1771-40F6-B666-D1AE9518DA13}.Debug|iPhoneSimulator.Build.0 = Debug|iPhoneSimulator
		{3698EC1B-1771-40F6-B666-D1AE9518DA13}.Debug|x64.ActiveCfg = Debug|iPhone
		{3698EC1B-1771-40F6-B666-D1AE9518DA13}.Debug|x64.Build.0 = Debug|iPhone
		{3698EC1B-1771-40F6-B666-D1AE9518DA13}.Debug|x64.Deploy.0 = Debug|iPhone
		{3698EC1B-1771-40F6-B666-D1AE9518DA13}.Debug|x86.ActiveCfg = Debug|iPhoneSimulator
		{3698EC1B-1771-40F6-B666-D1AE9518DA13}.Debug|x86.Build.0 = Debug|iPhoneSimulator
		{3698EC1B-1771-40F6-B666-D1AE9518DA13}.Debug|x86.Deploy.0 = Debug|iPhoneSimulator
		{3698EC1B-1771-40F6-B666-D1AE9518DA13}.Release|Any CPU.ActiveCfg = Release|iPhone
		{3698EC1B-1771-40F6-B666-D1AE9518DA13}.Release|ARM.ActiveCfg = Release|iPhone
		{3698EC1B-1771-40F6-B666-D1AE9518DA13}.Release|ARM64.ActiveCfg = Release|iPhone
		{3698EC1B-1771-40F6-B666-D1AE9518DA13}.Release|iPhone.ActiveCfg = Release|iPhone
		{3698EC1B-1771-40F6-B666-D1AE9518DA13}.Release|iPhone.Build.0 = Release|iPhone
		{3698EC1B-1771-40F6-B666-D1AE9518DA13}.Release|iPhoneSimulator.ActiveCfg = Release|iPhoneSimulator
		{3698EC1B-1771-40F6-B666-D1AE9518DA13}.Release|iPhoneSimulator.Build.0 = Release|iPhoneSimulator
		{3698EC1B-1771-40F6-B666-D1AE9518DA13}.Release|x64.ActiveCfg = Release|iPhoneSimulator
		{3698EC1B-1771-40F6-B666-D1AE9518DA13}.Release|x64.Build.0 = Release|iPhoneSimulator
		{3698EC1B-1771-40F6-B666-D1AE9518DA13}.Release|x64.Deploy.0 = Release|iPhoneSimulator
		{3698EC1B-1771-40F6-B666-D1AE9518DA13}.Release|x86.ActiveCfg = Release|iPhoneSimulator
		{3698EC1B-1771-40F6-B666-D1AE9518DA13}.Release|x86.Build.0 = Release|iPhoneSimulator

		{35538F7B-0A04-440B-BAA1-B10DB80AC608}.Debug|Any CPU.ActiveCfg = Debug|x86
		{35538F7B-0A04-440B-BAA1-B10DB80AC608}.Debug|Any CPU.Build.0 = Debug|x86
		{35538F7B-0A04-440B-BAA1-B10DB80AC608}.Debug|Any CPU.Deploy.0 = Debug|x86
		{35538F7B-0A04-440B-BAA1-B10DB80AC608}.Debug|ARM.ActiveCfg = Debug|ARM
		{35538F7B-0A04-440B-BAA1-B10DB80AC608}.Debug|ARM.Build.0 = Debug|ARM
		{35538F7B-0A04-440B-BAA1-B10DB80AC608}.Debug|ARM.Deploy.0 = Debug|ARM
		{35538F7B-0A04-440B-BAA1-B10DB80AC608}.Debug|ARM64.ActiveCfg = Debug|ARM64
		{35538F7B-0A04-440B-BAA1-B10DB80AC608}.Debug|ARM64.Build.0 = Debug|ARM64
		{35538F7B-0A04-440B-BAA1-B10DB80AC608}.Debug|ARM64.Deploy.0 = Debug|ARM64
		{35538F7B-0A04-440B-BAA1-B10DB80AC608}.Debug|iPhone.ActiveCfg = Debug|x86
		{35538F7B-0A04-440B-BAA1-B10DB80AC608}.Debug|iPhone.Build.0 = Debug|x86
		{35538F7B-0A04-440B-BAA1-B10DB80AC608}.Debug|iPhone.Deploy.0 = Debug|x86
		{35538F7B-0A04-440B-BAA1-B10DB80AC608}.Debug|iPhoneSimulator.ActiveCfg = Debug|x86
		{35538F7B-0A04-440B-BAA1-B10DB80AC608}.Debug|iPhoneSimulator.Build.0 = Debug|x86
		{35538F7B-0A04-440B-BAA1-B10DB80AC608}.Debug|iPhoneSimulator.Deploy.0 = Debug|x86
		{35538F7B-0A04-440B-BAA1-B10DB80AC608}.Debug|x64.ActiveCfg = Debug|x64
		{35538F7B-0A04-440B-BAA1-B10DB80AC608}.Debug|x64.Build.0 = Debug|x64
		{35538F7B-0A04-440B-BAA1-B10DB80AC608}.Debug|x64.Deploy.0 = Debug|x64
		{35538F7B-0A04-440B-BAA1-B10DB80AC608}.Debug|x86.ActiveCfg = Debug|x86
		{35538F7B-0A04-440B-BAA1-B10DB80AC608}.Debug|x86.Build.0 = Debug|x86
		{35538F7B-0A04-440B-BAA1-B10DB80AC608}.Debug|x86.Deploy.0 = Debug|x86
		{35538F7B-0A04-440B-BAA1-B10DB80AC608}.Release|Any CPU.ActiveCfg = Release|x86
		{35538F7B-0A04-440B-BAA1-B10DB80AC608}.Release|ARM.ActiveCfg = Release|ARM
		{35538F7B-0A04-440B-BAA1-B10DB80AC608}.Release|ARM.Build.0 = Release|ARM
		{35538F7B-0A04-440B-BAA1-B10DB80AC608}.Release|ARM.Deploy.0 = Release|ARM
		{35538F7B-0A04-440B-BAA1-B10DB80AC608}.Release|ARM64.ActiveCfg = Release|ARM64
		{35538F7B-0A04-440B-BAA1-B10DB80AC608}.Release|ARM64.Build.0 = Release|ARM64
		{35538F7B-0A04-440B-BAA1-B10DB80AC608}.Release|ARM64.Deploy.0 = Release|ARM64
		{35538F7B-0A04-440B-BAA1-B10DB80AC608}.Release|iPhone.ActiveCfg = Release|x86
		{35538F7B-0A04-440B-BAA1-B10DB80AC608}.Release|iPhone.Build.0 = Release|x86
		{35538F7B-0A04-440B-BAA1-B10DB80AC608}.Release|iPhoneSimulator.ActiveCfg = Release|x86
		{35538F7B-0A04-440B-BAA1-B10DB80AC608}.Release|iPhoneSimulator.Build.0 = Release|x86
		{35538F7B-0A04-440B-BAA1-B10DB80AC608}.Release|iPhoneSimulator.Deploy.0 = Release|x86
		{35538F7B-0A04-440B-BAA1-B10DB80AC608}.Release|x64.ActiveCfg = Release|x64
		{35538F7B-0A04-440B-BAA1-B10DB80AC608}.Release|x64.Build.0 = Release|x64
		{35538F7B-0A04-440B-BAA1-B10DB80AC608}.Release|x64.Deploy.0 = Release|x64
		{35538F7B-0A04-440B-BAA1-B10DB80AC608}.Release|x86.ActiveCfg = Release|x86
		{35538F7B-0A04-440B-BAA1-B10DB80AC608}.Release|x86.Build.0 = Release|x86
		{35538F7B-0A04-440B-BAA1-B10DB80AC608}.Release|x86.Deploy.0 = Release|x86

		{1BFF7735-8958-49F8-9DED-5CF7C145E0FA}.Debug|Any CPU.ActiveCfg = Debug|Any CPU
		{1BFF7735-8958-49F8-9DED-5CF7C145E0FA}.Debug|Any CPU.Build.0 = Debug|Any CPU
		{1BFF7735-8958-49F8-9DED-5CF7C145E0FA}.Debug|Any CPU.Deploy.0 = Debug|Any CPU
		{1BFF7735-8958-49F8-9DED-5CF7C145E0FA}.Debug|ARM.ActiveCfg = Debug|Any CPU
		{1BFF7735-8958-49F8-9DED-5CF7C145E0FA}.Debug|ARM.Build.0 = Debug|Any CPU
		{1BFF7735-8958-49F8-9DED-5CF7C145E0FA}.Debug|ARM.Deploy.0 = Debug|Any CPU
		{1BFF7735-8958-49F8-9DED-5CF7C145E0FA}.Debug|ARM64.ActiveCfg = Debug|Any CPU
		{1BFF7735-8958-49F8-9DED-5CF7C145E0FA}.Debug|ARM64.Build.0 = Debug|Any CPU
		{1BFF7735-8958-49F8-9DED-5CF7C145E0FA}.Debug|ARM64.Deploy.0 = Debug|Any CPU
		{1BFF7735-8958-49F8-9DED-5CF7C145E0FA}.Debug|iPhone.ActiveCfg = Debug|Any CPU
		{1BFF7735-8958-49F8-9DED-5CF7C145E0FA}.Debug|iPhone.Build.0 = Debug|Any CPU
		{1BFF7735-8958-49F8-9DED-5CF7C145E0FA}.Debug|iPhone.Deploy.0 = Debug|Any CPU
		{1BFF7735-8958-49F8-9DED-5CF7C145E0FA}.Debug|iPhoneSimulator.ActiveCfg = Debug|Any CPU
		{1BFF7735-8958-49F8-9DED-5CF7C145E0FA}.Debug|iPhoneSimulator.Build.0 = Debug|Any CPU
		{1BFF7735-8958-49F8-9DED-5CF7C145E0FA}.Debug|iPhoneSimulator.Deploy.0 = Debug|Any CPU
		{1BFF7735-8958-49F8-9DED-5CF7C145E0FA}.Debug|x64.ActiveCfg = Debug|Any CPU
		{1BFF7735-8958-49F8-9DED-5CF7C145E0FA}.Debug|x64.Build.0 = Debug|Any CPU
		{1BFF7735-8958-49F8-9DED-5CF7C145E0FA}.Debug|x64.Deploy.0 = Debug|Any CPU
		{1BFF7735-8958-49F8-9DED-5CF7C145E0FA}.Debug|x86.ActiveCfg = Debug|Any CPU
		{1BFF7735-8958-49F8-9DED-5CF7C145E0FA}.Debug|x86.Build.0 = Debug|Any CPU
		{1BFF7735-8958-49F8-9DED-5CF7C145E0FA}.Debug|x86.Deploy.0 = Debug|Any CPU
		{1BFF7735-8958-49F8-9DED-5CF7C145E0FA}.Release|Any CPU.ActiveCfg = Release|Any CPU
		{1BFF7735-8958-49F8-9DED-5CF7C145E0FA}.Release|Any CPU.Build.0 = Release|Any CPU
		{1BFF7735-8958-49F8-9DED-5CF7C145E0FA}.Release|ARM.ActiveCfg = Release|Any CPU
		{1BFF7735-8958-49F8-9DED-5CF7C145E0FA}.Release|ARM.Build.0 = Release|Any CPU
		{1BFF7735-8958-49F8-9DED-5CF7C145E0FA}.Release|ARM.Deploy.0 = Release|Any CPU
		{1BFF7735-8958-49F8-9DED-5CF7C145E0FA}.Release|ARM64.ActiveCfg = Release|Any CPU
		{1BFF7735-8958-49F8-9DED-5CF7C145E0FA}.Release|ARM64.Build.0 = Release|Any CPU
		{1BFF7735-8958-49F8-9DED-5CF7C145E0FA}.Release|ARM64.Deploy.0 = Release|Any CPU
		{1BFF7735-8958-49F8-9DED-5CF7C145E0FA}.Release|iPhone.ActiveCfg = Release|Any CPU
		{1BFF7735-8958-49F8-9DED-5CF7C145E0FA}.Release|iPhone.Build.0 = Release|Any CPU
		{1BFF7735-8958-49F8-9DED-5CF7C145E0FA}.Release|iPhoneSimulator.ActiveCfg = Release|Any CPU
		{1BFF7735-8958-49F8-9DED-5CF7C145E0FA}.Release|iPhoneSimulator.Build.0 = Release|Any CPU
		{1BFF7735-8958-49F8-9DED-5CF7C145E0FA}.Release|iPhoneSimulator.Deploy.0 = Release|Any CPU
		{1BFF7735-8958-49F8-9DED-5CF7C145E0FA}.Release|x64.ActiveCfg = Release|Any CPU
		{1BFF7735-8958-49F8-9DED-5CF7C145E0FA}.Release|x64.Build.0 = Release|Any CPU
		{1BFF7735-8958-49F8-9DED-5CF7C145E0FA}.Release|x64.Deploy.0 = Release|Any CPU
		{1BFF7735-8958-49F8-9DED-5CF7C145E0FA}.Release|x86.ActiveCfg = Release|Any CPU
		{1BFF7735-8958-49F8-9DED-5CF7C145E0FA}.Release|x86.Build.0 = Release|Any CPU
		{1BFF7735-8958-49F8-9DED-5CF7C145E0FA}.Release|x86.Deploy.0 = Release|Any CPU

		{A5B8155A-118F-4794-B551-C6F3CF7E5411}.Debug|Any CPU.ActiveCfg = Debug|Any CPU
		{A5B8155A-118F-4794-B551-C6F3CF7E5411}.Debug|Any CPU.Build.0 = Debug|Any CPU
		{A5B8155A-118F-4794-B551-C6F3CF7E5411}.Debug|ARM.ActiveCfg = Debug|Any CPU
		{A5B8155A-118F-4794-B551-C6F3CF7E5411}.Debug|ARM.Build.0 = Debug|Any CPU
		{A5B8155A-118F-4794-B551-C6F3CF7E5411}.Debug|ARM64.ActiveCfg = Debug|Any CPU
		{A5B8155A-118F-4794-B551-C6F3CF7E5411}.Debug|ARM64.Build.0 = Debug|Any CPU
		{A5B8155A-118F-4794-B551-C6F3CF7E5411}.Debug|iPhone.ActiveCfg = Debug|Any CPU
		{A5B8155A-118F-4794-B551-C6F3CF7E5411}.Debug|iPhone.Build.0 = Debug|Any CPU
		{A5B8155A-118F-4794-B551-C6F3CF7E5411}.Debug|iPhoneSimulator.ActiveCfg = Debug|Any CPU
		{A5B8155A-118F-4794-B551-C6F3CF7E5411}.Debug|iPhoneSimulator.Build.0 = Debug|Any CPU
		{A5B8155A-118F-4794-B551-C6F3CF7E5411}.Debug|x64.ActiveCfg = Debug|Any CPU
		{A5B8155A-118F-4794-B551-C6F3CF7E5411}.Debug|x64.Build.0 = Debug|Any CPU
		{A5B8155A-118F-4794-B551-C6F3CF7E5411}.Debug|x86.ActiveCfg = Debug|Any CPU
		{A5B8155A-118F-4794-B551-C6F3CF7E5411}.Debug|x86.Build.0 = Debug|Any CPU
		{A5B8155A-118F-4794-B551-C6F3CF7E5411}.Release|Any CPU.ActiveCfg = Release|Any CPU
		{A5B8155A-118F-4794-B551-C6F3CF7E5411}.Release|Any CPU.Build.0 = Release|Any CPU
		{A5B8155A-118F-4794-B551-C6F3CF7E5411}.Release|ARM.ActiveCfg = Release|Any CPU
		{A5B8155A-118F-4794-B551-C6F3CF7E5411}.Release|ARM.Build.0 = Release|Any CPU
		{A5B8155A-118F-4794-B551-C6F3CF7E5411}.Release|ARM64.ActiveCfg = Release|Any CPU
		{A5B8155A-118F-4794-B551-C6F3CF7E5411}.Release|ARM64.Build.0 = Release|Any CPU
		{A5B8155A-118F-4794-B551-C6F3CF7E5411}.Release|iPhone.ActiveCfg = Release|Any CPU
		{A5B8155A-118F-4794-B551-C6F3CF7E5411}.Release|iPhone.Build.0 = Release|Any CPU
		{A5B8155A-118F-4794-B551-C6F3CF7E5411}.Release|iPhoneSimulator.ActiveCfg = Release|Any CPU
		{A5B8155A-118F-4794-B551-C6F3CF7E5411}.Release|iPhoneSimulator.Build.0 = Release|Any CPU
		{A5B8155A-118F-4794-B551-C6F3CF7E5411}.Release|x64.ActiveCfg = Release|Any CPU
		{A5B8155A-118F-4794-B551-C6F3CF7E5411}.Release|x64.Build.0 = Release|Any CPU
		{A5B8155A-118F-4794-B551-C6F3CF7E5411}.Release|x86.ActiveCfg = Release|Any CPU
		{A5B8155A-118F-4794-B551-C6F3CF7E5411}.Release|x86.Build.0 = Release|Any CPU
		{1AA13270-F438-4864-9435-54FD806E10EA}.Debug|Any CPU.ActiveCfg = Debug|x86
		{1AA13270-F438-4864-9435-54FD806E10EA}.Debug|Any CPU.Build.0 = Debug|x86
		{1AA13270-F438-4864-9435-54FD806E10EA}.Debug|Any CPU.Deploy.0 = Debug|x86
		{1AA13270-F438-4864-9435-54FD806E10EA}.Debug|ARM.ActiveCfg = Debug|Any CPU
		{1AA13270-F438-4864-9435-54FD806E10EA}.Debug|ARM.Build.0 = Debug|Any CPU
		{1AA13270-F438-4864-9435-54FD806E10EA}.Debug|ARM64.ActiveCfg = Debug|x86
		{1AA13270-F438-4864-9435-54FD806E10EA}.Debug|ARM64.Build.0 = Debug|x86
		{1AA13270-F438-4864-9435-54FD806E10EA}.Debug|iPhone.ActiveCfg = Debug|Any CPU
		{1AA13270-F438-4864-9435-54FD806E10EA}.Debug|iPhone.Build.0 = Debug|Any CPU
		{1AA13270-F438-4864-9435-54FD806E10EA}.Debug|iPhoneSimulator.ActiveCfg = Debug|Any CPU
		{1AA13270-F438-4864-9435-54FD806E10EA}.Debug|iPhoneSimulator.Build.0 = Debug|Any CPU
		{1AA13270-F438-4864-9435-54FD806E10EA}.Debug|x64.ActiveCfg = Debug|x64
		{1AA13270-F438-4864-9435-54FD806E10EA}.Debug|x64.Build.0 = Debug|x64
		{1AA13270-F438-4864-9435-54FD806E10EA}.Debug|x64.Deploy.0 = Debug|x64
		{1AA13270-F438-4864-9435-54FD806E10EA}.Debug|x86.ActiveCfg = Debug|x86
		{1AA13270-F438-4864-9435-54FD806E10EA}.Debug|x86.Build.0 = Debug|x86
		{1AA13270-F438-4864-9435-54FD806E10EA}.Debug|x86.Deploy.0 = Debug|x86
		{1AA13270-F438-4864-9435-54FD806E10EA}.Release|Any CPU.ActiveCfg = Release|Any CPU
		{1AA13270-F438-4864-9435-54FD806E10EA}.Release|Any CPU.Build.0 = Release|Any CPU
		{1AA13270-F438-4864-9435-54FD806E10EA}.Release|Any CPU.Deploy.0 = Release|Any CPU
		{1AA13270-F438-4864-9435-54FD806E10EA}.Release|ARM.ActiveCfg = Release|Any CPU
		{1AA13270-F438-4864-9435-54FD806E10EA}.Release|ARM.Build.0 = Release|Any CPU
		{1AA13270-F438-4864-9435-54FD806E10EA}.Release|ARM64.ActiveCfg = Release|x86
		{1AA13270-F438-4864-9435-54FD806E10EA}.Release|ARM64.Build.0 = Release|x86
		{1AA13270-F438-4864-9435-54FD806E10EA}.Release|iPhone.ActiveCfg = Release|Any CPU
		{1AA13270-F438-4864-9435-54FD806E10EA}.Release|iPhone.Build.0 = Release|Any CPU
		{1AA13270-F438-4864-9435-54FD806E10EA}.Release|iPhoneSimulator.ActiveCfg = Release|Any CPU
		{1AA13270-F438-4864-9435-54FD806E10EA}.Release|iPhoneSimulator.Build.0 = Release|Any CPU
		{1AA13270-F438-4864-9435-54FD806E10EA}.Release|x64.ActiveCfg = Release|x64
		{1AA13270-F438-4864-9435-54FD806E10EA}.Release|x64.Build.0 = Release|x64
		{1AA13270-F438-4864-9435-54FD806E10EA}.Release|x64.Deploy.0 = Release|x64
		{1AA13270-F438-4864-9435-54FD806E10EA}.Release|x86.ActiveCfg = Release|x86
		{1AA13270-F438-4864-9435-54FD806E10EA}.Release|x86.Build.0 = Release|x86
		{1AA13270-F438-4864-9435-54FD806E10EA}.Release|x86.Deploy.0 = Release|x86

		{40EA03F7-8A22-4143-B251-79BAC3EB13D2}.Debug|Any CPU.ActiveCfg = Debug|Any CPU
		{40EA03F7-8A22-4143-B251-79BAC3EB13D2}.Debug|Any CPU.Build.0 = Debug|Any CPU
		{40EA03F7-8A22-4143-B251-79BAC3EB13D2}.Debug|ARM.ActiveCfg = Debug|Any CPU
		{40EA03F7-8A22-4143-B251-79BAC3EB13D2}.Debug|ARM.Build.0 = Debug|Any CPU
		{40EA03F7-8A22-4143-B251-79BAC3EB13D2}.Debug|ARM64.ActiveCfg = Debug|Any CPU
		{40EA03F7-8A22-4143-B251-79BAC3EB13D2}.Debug|ARM64.Build.0 = Debug|Any CPU
		{40EA03F7-8A22-4143-B251-79BAC3EB13D2}.Debug|iPhone.ActiveCfg = Debug|Any CPU
		{40EA03F7-8A22-4143-B251-79BAC3EB13D2}.Debug|iPhone.Build.0 = Debug|Any CPU
		{40EA03F7-8A22-4143-B251-79BAC3EB13D2}.Debug|iPhoneSimulator.ActiveCfg = Debug|Any CPU
		{40EA03F7-8A22-4143-B251-79BAC3EB13D2}.Debug|iPhoneSimulator.Build.0 = Debug|Any CPU
		{40EA03F7-8A22-4143-B251-79BAC3EB13D2}.Debug|x64.ActiveCfg = Debug|Any CPU
		{40EA03F7-8A22-4143-B251-79BAC3EB13D2}.Debug|x64.Build.0 = Debug|Any CPU
		{40EA03F7-8A22-4143-B251-79BAC3EB13D2}.Debug|x86.ActiveCfg = Debug|Any CPU
		{40EA03F7-8A22-4143-B251-79BAC3EB13D2}.Debug|x86.Build.0 = Debug|Any CPU
		{40EA03F7-8A22-4143-B251-79BAC3EB13D2}.Release|Any CPU.ActiveCfg = Release|Any CPU
		{40EA03F7-8A22-4143-B251-79BAC3EB13D2}.Release|Any CPU.Build.0 = Release|Any CPU
		{40EA03F7-8A22-4143-B251-79BAC3EB13D2}.Release|ARM.ActiveCfg = Release|Any CPU
		{40EA03F7-8A22-4143-B251-79BAC3EB13D2}.Release|ARM.Build.0 = Release|Any CPU
		{40EA03F7-8A22-4143-B251-79BAC3EB13D2}.Release|ARM64.ActiveCfg = Release|Any CPU
		{40EA03F7-8A22-4143-B251-79BAC3EB13D2}.Release|ARM64.Build.0 = Release|Any CPU
		{40EA03F7-8A22-4143-B251-79BAC3EB13D2}.Release|iPhone.ActiveCfg = Release|Any CPU
		{40EA03F7-8A22-4143-B251-79BAC3EB13D2}.Release|iPhone.Build.0 = Release|Any CPU
		{40EA03F7-8A22-4143-B251-79BAC3EB13D2}.Release|iPhoneSimulator.ActiveCfg = Release|Any CPU
		{40EA03F7-8A22-4143-B251-79BAC3EB13D2}.Release|iPhoneSimulator.Build.0 = Release|Any CPU
		{40EA03F7-8A22-4143-B251-79BAC3EB13D2}.Release|x64.ActiveCfg = Release|Any CPU
		{40EA03F7-8A22-4143-B251-79BAC3EB13D2}.Release|x64.Build.0 = Release|Any CPU
		{40EA03F7-8A22-4143-B251-79BAC3EB13D2}.Release|x86.ActiveCfg = Release|Any CPU
		{40EA03F7-8A22-4143-B251-79BAC3EB13D2}.Release|x86.Build.0 = Release|Any CPU

		{A5B8155A-119F-4794-B551-C6F3CF7E5411}.Debug|Any CPU.ActiveCfg = Debug|Any CPU
		{A5B8155A-119F-4794-B551-C6F3CF7E5411}.Debug|Any CPU.Build.0 = Debug|Any CPU
		{A5B8155A-119F-4794-B551-C6F3CF7E5411}.Debug|ARM.ActiveCfg = Debug|Any CPU
		{A5B8155A-119F-4794-B551-C6F3CF7E5411}.Debug|ARM.Build.0 = Debug|Any CPU
		{A5B8155A-119F-4794-B551-C6F3CF7E5411}.Debug|ARM64.ActiveCfg = Debug|Any CPU
		{A5B8155A-119F-4794-B551-C6F3CF7E5411}.Debug|ARM64.Build.0 = Debug|Any CPU
		{A5B8155A-119F-4794-B551-C6F3CF7E5411}.Debug|iPhone.ActiveCfg = Debug|Any CPU
		{A5B8155A-119F-4794-B551-C6F3CF7E5411}.Debug|iPhone.Build.0 = Debug|Any CPU
		{A5B8155A-119F-4794-B551-C6F3CF7E5411}.Debug|iPhoneSimulator.ActiveCfg = Debug|Any CPU
		{A5B8155A-119F-4794-B551-C6F3CF7E5411}.Debug|iPhoneSimulator.Build.0 = Debug|Any CPU
		{A5B8155A-119F-4794-B551-C6F3CF7E5411}.Debug|x64.ActiveCfg = Debug|Any CPU
		{A5B8155A-119F-4794-B551-C6F3CF7E5411}.Debug|x64.Build.0 = Debug|Any CPU
		{A5B8155A-119F-4794-B551-C6F3CF7E5411}.Debug|x86.ActiveCfg = Debug|Any CPU
		{A5B8155A-119F-4794-B551-C6F3CF7E5411}.Debug|x86.Build.0 = Debug|Any CPU
		{A5B8155A-119F-4794-B551-C6F3CF7E5411}.Release|Any CPU.ActiveCfg = Release|Any CPU
		{A5B8155A-119F-4794-B551-C6F3CF7E5411}.Release|Any CPU.Build.0 = Release|Any CPU
		{A5B8155A-119F-4794-B551-C6F3CF7E5411}.Release|ARM.ActiveCfg = Release|Any CPU
		{A5B8155A-119F-4794-B551-C6F3CF7E5411}.Release|ARM.Build.0 = Release|Any CPU
		{A5B8155A-119F-4794-B551-C6F3CF7E5411}.Release|ARM64.ActiveCfg = Release|Any CPU
		{A5B8155A-119F-4794-B551-C6F3CF7E5411}.Release|ARM64.Build.0 = Release|Any CPU
		{A5B8155A-119F-4794-B551-C6F3CF7E5411}.Release|iPhone.ActiveCfg = Release|Any CPU
		{A5B8155A-119F-4794-B551-C6F3CF7E5411}.Release|iPhone.Build.0 = Release|Any CPU
		{A5B8155A-119F-4794-B551-C6F3CF7E5411}.Release|iPhoneSimulator.ActiveCfg = Release|Any CPU
		{A5B8155A-119F-4794-B551-C6F3CF7E5411}.Release|iPhoneSimulator.Build.0 = Release|Any CPU
		{A5B8155A-119F-4794-B551-C6F3CF7E5411}.Release|x64.ActiveCfg = Release|Any CPU
		{A5B8155A-119F-4794-B551-C6F3CF7E5411}.Release|x64.Build.0 = Release|Any CPU
		{A5B8155A-119F-4794-B551-C6F3CF7E5411}.Release|x86.ActiveCfg = Release|Any CPU
		{A5B8155A-119F-4794-B551-C6F3CF7E5411}.Release|x86.Build.0 = Release|Any CPU

		{40EA03F7-8A22-1234-B251-79BAC3EB13D2}.Debug|Any CPU.ActiveCfg = Debug|Any CPU
		{40EA03F7-8A22-1234-B251-79BAC3EB13D2}.Debug|Any CPU.Build.0 = Debug|Any CPU
		{40EA03F7-8A22-1234-B251-79BAC3EB13D2}.Debug|ARM.ActiveCfg = Debug|Any CPU
		{40EA03F7-8A22-1234-B251-79BAC3EB13D2}.Debug|ARM.Build.0 = Debug|Any CPU
		{40EA03F7-8A22-1234-B251-79BAC3EB13D2}.Debug|ARM64.ActiveCfg = Debug|Any CPU
		{40EA03F7-8A22-1234-B251-79BAC3EB13D2}.Debug|ARM64.Build.0 = Debug|Any CPU
		{40EA03F7-8A22-1234-B251-79BAC3EB13D2}.Debug|iPhone.ActiveCfg = Debug|Any CPU
		{40EA03F7-8A22-1234-B251-79BAC3EB13D2}.Debug|iPhone.Build.0 = Debug|Any CPU
		{40EA03F7-8A22-1234-B251-79BAC3EB13D2}.Debug|iPhoneSimulator.ActiveCfg = Debug|Any CPU
		{40EA03F7-8A22-1234-B251-79BAC3EB13D2}.Debug|iPhoneSimulator.Build.0 = Debug|Any CPU
		{40EA03F7-8A22-1234-B251-79BAC3EB13D2}.Debug|x64.ActiveCfg = Debug|Any CPU
		{40EA03F7-8A22-1234-B251-79BAC3EB13D2}.Debug|x64.Build.0 = Debug|Any CPU
		{40EA03F7-8A22-1234-B251-79BAC3EB13D2}.Debug|x86.ActiveCfg = Debug|Any CPU
		{40EA03F7-8A22-1234-B251-79BAC3EB13D2}.Debug|x86.Build.0 = Debug|Any CPU
		{40EA03F7-8A22-1234-B251-79BAC3EB13D2}.Release|Any CPU.ActiveCfg = Release|Any CPU
		{40EA03F7-8A22-1234-B251-79BAC3EB13D2}.Release|Any CPU.Build.0 = Release|Any CPU
		{40EA03F7-8A22-1234-B251-79BAC3EB13D2}.Release|ARM.ActiveCfg = Release|Any CPU
		{40EA03F7-8A22-1234-B251-79BAC3EB13D2}.Release|ARM.Build.0 = Release|Any CPU
		{40EA03F7-8A22-1234-B251-79BAC3EB13D2}.Release|ARM64.ActiveCfg = Release|Any CPU
		{40EA03F7-8A22-1234-B251-79BAC3EB13D2}.Release|ARM64.Build.0 = Release|Any CPU
		{40EA03F7-8A22-1234-B251-79BAC3EB13D2}.Release|iPhone.ActiveCfg = Release|Any CPU
		{40EA03F7-8A22-1234-B251-79BAC3EB13D2}.Release|iPhone.Build.0 = Release|Any CPU
		{40EA03F7-8A22-1234-B251-79BAC3EB13D2}.Release|iPhoneSimulator.ActiveCfg = Release|Any CPU
		{40EA03F7-8A22-1234-B251-79BAC3EB13D2}.Release|iPhoneSimulator.Build.0 = Release|Any CPU
		{40EA03F7-8A22-1234-B251-79BAC3EB13D2}.Release|x64.ActiveCfg = Release|Any CPU
		{40EA03F7-8A22-1234-B251-79BAC3EB13D2}.Release|x64.Build.0 = Release|Any CPU
		{40EA03F7-8A22-1234-B251-79BAC3EB13D2}.Release|x86.ActiveCfg = Release|Any CPU
		{40EA03F7-8A22-1234-B251-79BAC3EB13D2}.Release|x86.Build.0 = Release|Any CPU

		{20065F43-4137-4CB4-85C2-B21895EFC0BF}.Debug|Any CPU.ActiveCfg = Debug|iPhoneSimulator
		{20065F43-4137-4CB4-85C2-B21895EFC0BF}.Debug|Any CPU.Build.0 = Debug|iPhoneSimulator
		{20065F43-4137-4CB4-85C2-B21895EFC0BF}.Debug|ARM.ActiveCfg = Debug|iPhoneSimulator
		{20065F43-4137-4CB4-85C2-B21895EFC0BF}.Debug|ARM64.ActiveCfg = Debug|iPhoneSimulator
		{20065F43-4137-4CB4-85C2-B21895EFC0BF}.Debug|iPhone.ActiveCfg = Debug|iPhoneSimulator
		{20065F43-4137-4CB4-85C2-B21895EFC0BF}.Debug|iPhone.Build.0 = Debug|iPhoneSimulator
		{20065F43-4137-4CB4-85C2-B21895EFC0BF}.Debug|iPhoneSimulator.ActiveCfg = Debug|iPhoneSimulator
		{20065F43-4137-4CB4-85C2-B21895EFC0BF}.Debug|iPhoneSimulator.Build.0 = Debug|iPhoneSimulator
		{20065F43-4137-4CB4-85C2-B21895EFC0BF}.Debug|x64.ActiveCfg = Debug|iPhoneSimulator
		{20065F43-4137-4CB4-85C2-B21895EFC0BF}.Debug|x64.Build.0 = Debug|iPhoneSimulator
		{20065F43-4137-4CB4-85C2-B21895EFC0BF}.Debug|x86.ActiveCfg = Debug|iPhoneSimulator
		{20065F43-4137-4CB4-85C2-B21895EFC0BF}.Debug|x86.Build.0 = Debug|iPhoneSimulator
		{20065F43-4137-4CB4-85C2-B21895EFC0BF}.Release|Any CPU.ActiveCfg = Release|iPhoneSimulator
		{20065F43-4137-4CB4-85C2-B21895EFC0BF}.Release|ARM.ActiveCfg = Release|iPhoneSimulator
		{20065F43-4137-4CB4-85C2-B21895EFC0BF}.Release|ARM64.ActiveCfg = Release|iPhoneSimulator
		{20065F43-4137-4CB4-85C2-B21895EFC0BF}.Release|iPhone.ActiveCfg = Release|iPhoneSimulator
		{20065F43-4137-4CB4-85C2-B21895EFC0BF}.Release|iPhone.Build.0 = Release|iPhoneSimulator
		{20065F43-4137-4CB4-85C2-B21895EFC0BF}.Release|iPhoneSimulator.ActiveCfg = Release|iPhoneSimulator
		{20065F43-4137-4CB4-85C2-B21895EFC0BF}.Release|iPhoneSimulator.Build.0 = Release|iPhoneSimulator
		{20065F43-4137-4CB4-85C2-B21895EFC0BF}.Release|x64.ActiveCfg = Release|iPhoneSimulator
		{20065F43-4137-4CB4-85C2-B21895EFC0BF}.Release|x64.Build.0 = Release|iPhoneSimulator
		{20065F43-4137-4CB4-85C2-B21895EFC0BF}.Release|x86.ActiveCfg = Release|iPhoneSimulator
		{20065F43-4137-4CB4-85C2-B21895EFC0BF}.Release|x86.Build.0 = Release|iPhoneSimulator

		{04D3A50A-BD96-4168-A331-3AC5E63800DE}.Debug|Any CPU.ActiveCfg = Debug|arm64
		{04D3A50A-BD96-4168-A331-3AC5E63800DE}.Debug|Any CPU.Build.0 = Debug|arm64
		{04D3A50A-BD96-4168-A331-3AC5E63800DE}.Debug|ARM.ActiveCfg = Debug|Any CPU
		{04D3A50A-BD96-4168-A331-3AC5E63800DE}.Debug|ARM.Build.0 = Debug|Any CPU
		{04D3A50A-BD96-4168-A331-3AC5E63800DE}.Debug|ARM64.ActiveCfg = Debug|arm64
		{04D3A50A-BD96-4168-A331-3AC5E63800DE}.Debug|ARM64.Build.0 = Debug|arm64
		{04D3A50A-BD96-4168-A331-3AC5E63800DE}.Debug|iPhone.ActiveCfg = Debug|Any CPU
		{04D3A50A-BD96-4168-A331-3AC5E63800DE}.Debug|iPhone.Build.0 = Debug|Any CPU
		{04D3A50A-BD96-4168-A331-3AC5E63800DE}.Debug|iPhoneSimulator.ActiveCfg = Debug|Any CPU
		{04D3A50A-BD96-4168-A331-3AC5E63800DE}.Debug|iPhoneSimulator.Build.0 = Debug|Any CPU
		{04D3A50A-BD96-4168-A331-3AC5E63800DE}.Debug|x64.ActiveCfg = Debug|x64
		{04D3A50A-BD96-4168-A331-3AC5E63800DE}.Debug|x64.Build.0 = Debug|x64
		{04D3A50A-BD96-4168-A331-3AC5E63800DE}.Debug|x86.ActiveCfg = Debug|x86
		{04D3A50A-BD96-4168-A331-3AC5E63800DE}.Debug|x86.Build.0 = Debug|x86
		{04D3A50A-BD96-4168-A331-3AC5E63800DE}.Release|Any CPU.ActiveCfg = Release|Any CPU
		{04D3A50A-BD96-4168-A331-3AC5E63800DE}.Release|Any CPU.Build.0 = Release|Any CPU
		{04D3A50A-BD96-4168-A331-3AC5E63800DE}.Release|ARM.ActiveCfg = Release|Any CPU
		{04D3A50A-BD96-4168-A331-3AC5E63800DE}.Release|ARM.Build.0 = Release|Any CPU
		{04D3A50A-BD96-4168-A331-3AC5E63800DE}.Release|ARM64.ActiveCfg = Release|arm64
		{04D3A50A-BD96-4168-A331-3AC5E63800DE}.Release|ARM64.Build.0 = Release|arm64
		{04D3A50A-BD96-4168-A331-3AC5E63800DE}.Release|iPhone.ActiveCfg = Release|Any CPU
		{04D3A50A-BD96-4168-A331-3AC5E63800DE}.Release|iPhone.Build.0 = Release|Any CPU
		{04D3A50A-BD96-4168-A331-3AC5E63800DE}.Release|iPhoneSimulator.ActiveCfg = Release|Any CPU
		{04D3A50A-BD96-4168-A331-3AC5E63800DE}.Release|iPhoneSimulator.Build.0 = Release|Any CPU
		{04D3A50A-BD96-4168-A331-3AC5E63800DE}.Release|x64.ActiveCfg = Release|x64
		{04D3A50A-BD96-4168-A331-3AC5E63800DE}.Release|x64.Build.0 = Release|x64
		{04D3A50A-BD96-4168-A331-3AC5E63800DE}.Release|x86.ActiveCfg = Release|x86
		{04D3A50A-BD96-4168-A331-3AC5E63800DE}.Release|x86.Build.0 = Release|x86


	EndGlobalSection
	GlobalSection(SolutionProperties) = preSolution
		HideSolutionNode = FALSE
	EndGlobalSection
	GlobalSection(ExtensibilityGlobals) = postSolution
		SolutionGuid = {C7433AE2-B1A0-4C1A-887E-5CAA7AAF67A6}
	EndGlobalSection
EndGlobal
